{
  "name": "@epoxide/web",
  "version": "1.0.0",
  "lockfileVersion": 3,
  "requires": true,
  "packages": {
    "": {
      "name": "@epoxide/web",
      "version": "1.0.0",
      "workspaces": [
        "packages/next",
        "packages/nuxt",
        "packages/sveltekit"
      ]
    },
    "node_modules/@epoxide/web-next": {
      "resolved": "packages/next",
      "link": true
    },
    "node_modules/@epoxide/web-nuxt": {
      "resolved": "packages/nuxt",
      "link": true
    },
    "node_modules/@epoxide/web-sveltekit": {
      "resolved": "packages/sveltekit",
      "link": true
    },
    "packages/next": {
      "name": "@epoxide/web-next",
      "version": "1.0.0"
    },
    "packages/nuxt": {
      "name": "@epoxide/web-nuxt",
      "version": "1.0.0"
    },
    "packages/sveltekit": {
      "name": "@epoxide/web-sveltekit",
      "version": "1.0.0"
    }
  }
}
